{
    "_meta": {
        "hash": {
            "sha256": "c10f3f95961f04b2019034d0fd41079de0833cd3f52a11f72893f8c87d48a629"
        },
        "pipfile-spec": 6,
        "requires": {
            "python_version": "3.9"
        },
        "sources": [
            {
                "name": "pypi",
                "url": "https://pypi.org/simple",
                "verify_ssl": true
            }
        ]
    },
    "default": {
        "async-timeout": {
            "hashes": [
                "sha256:4640d96be84d82d02ed59ea2b7105a0f7b33abe8703703cd0ab0bf87c427522f",
                "sha256:7405140ff1230c310e51dc27b3145b9092d659ce68ff733fb0cefe3ee42be028"
            ],
            "markers": "python_full_version < '3.11.3'",
            "version": "==4.0.3"
        },
        "hupper": {
            "hashes": [
                "sha256:06bf54170ff4ecf4c84ad5f188dee3901173ab449c2608ad05b9bfd6b13e32eb",
                "sha256:e872b959f09d90be5fb615bd2e62de89a0b57efc037bdf9637fb09cdf8552b19"
            ],
            "version": "==1.12.1"
        },
        "pastedeploy": {
            "hashes": [
                "sha256:76388ad53a661448d436df28c798063108f70e994ddc749540d733cdbd1b38cf",
                "sha256:9ddbaf152f8095438a9fe81f82c78a6714b92ae8e066bed418b6a7ff6a095a95"
            ],
            "version": "==3.1.0"
        },
        "plaster": {
            "hashes": [
                "sha256:42992ab1f4865f1278e2ad740e8ad145683bb4022e03534265528f0c23c0df2d",
                "sha256:f8befc54bf8c1147c10ab40297ec84c2676fa2d4ea5d6f524d9436a80074ef98"
            ],
            "version": "==1.1.2"
        },
        "plaster-pastedeploy": {
            "hashes": [
                "sha256:ad3550cc744648969ed3b810f33c9344f515ee8d8a8cec18e8f2c4a643c2181f",
                "sha256:be262e6d2e41a7264875daa2fe2850cbb0615728bcdc92828fdc72736e381412"
            ],
            "version": "==1.0.1"
        },
        "platformshconfig": {
            "hashes": [
                "sha256:3eb95a514de57ce3341690fd3e0a61e6fa8c858a0793810a29fcce40691254a2",
                "sha256:ff1e29719d2789f6d164e1abd42dbecec1c535e5e741161ba177cec34bfdd6de"
            ],
            "index": "pypi",
            "version": "==2.4.0"
        },
        "pymysql": {
            "hashes": [
                "sha256:4de15da4c61dc132f4fb9ab763063e693d521a80fd0e87943b9a453dd4c19d6c",
                "sha256:e127611aaf2b417403c60bf4dc570124aeb4a57f5f37b8e95ae399a42f904cd0"
            ],
            "index": "pypi",
            "version": "==1.1.1"
        },
        "pyramid": {
            "hashes": [
                "sha256:2e6585ac55c147f0a51bc00dadf72075b3bdd9a871b332ff9e5e04117ccd76fa",
                "sha256:372138a738e4216535cc76dcce6eddd5a1aaca95130f2354fb834264c06f18de"
            ],
            "index": "pypi",
            "version": "==2.0.2"
        },
        "redis": {
            "hashes": [
                "sha256:f6c997521fedbae53387307c5d0bf784d9acc28d9f1d058abeac566ec4dbed72",
                "sha256:f8ea06b7482a668c6475ae202ed8d9bcaa409f6e87fb77ed1043d912afd62e24"
            ],
            "index": "pypi",
            "version": "==5.1.1"
        },
        "translationstring": {
            "hashes": [
                "sha256:5f4dc4d939573db851c8d840551e1a0fb27b946afe3b95aafc22577eed2d6262",
                "sha256:bf947538d76e69ba12ab17283b10355a9ecfbc078e6123443f43f2107f6376f3"
            ],
            "version": "==1.4"
        },
        "venusian": {
            "hashes": [
                "sha256:d1fb1e49927f42573f6c9b7c4fcf61c892af8fdcaa2314daa01d9a560b23488d",
                "sha256:eb72cdca6f3139a15dc80f9c95d3c10f8a54a0ba881eeef8e2ec5b42d3ee3a95"
            ],
            "version": "==3.1.0"
        },
        "webob": {
            "hashes": [
                "sha256:2abc1555e118fc251e705fc6dc66c7f5353bb9fbfab6d20e22f1c02b4b71bcee",
                "sha256:b60ba63f05c0cf61e086a10c3781a41fcfe30027753a8ae6d819c77592ce83ea"
            ],
            "version": "==1.8.8"
        },
        "zope.deprecation": {
            "hashes": [
                "sha256:28c2ee983812efb4676d33c7a8c6ade0df191c1c6d652bbbfe6e2eeee067b2d4",
                "sha256:b7c32d3392036b2145c40b3103e7322db68662ab09b7267afe1532a9d93f640f"
            ],
            "version": "==5.0"
        },
        "zope.interface": {
            "hashes": [
                "sha256:07add15de0cc7e69917f7d286b64d54125c950aeb43efed7a5ea7172f000fbc1",
                "sha256:0ac20581fc6cd7c754f6dff0ae06fedb060fa0e9ea6309d8be8b2701d9ea51c4",
                "sha256:124149e2d42067b9c6597f4dafdc7a0983d0163868f897b7bb5dc850b14f9a87",
                "sha256:27cfb5205d68b12682b6e55ab8424662d96e8ead19550aad0796b08dd2c9a45e",
                "sha256:2a29ac607e970b5576547f0e3589ec156e04de17af42839eedcf478450687317",
                "sha256:2b6a4924f5bad9fe21d99f66a07da60d75696a136162427951ec3cb223a5570d",
                "sha256:2bd9e9f366a5df08ebbdc159f8224904c1c5ce63893984abb76954e6fbe4381a",
                "sha256:3bcff5c09d0215f42ba64b49205a278e44413d9bf9fa688fd9e42bfe472b5f4f",
                "sha256:4a00ead2e24c76436e1b457a5132d87f83858330f6c923640b7ef82d668525d1",
                "sha256:4af4a12b459a273b0b34679a5c3dc5e34c1847c3dd14a628aa0668e19e638ea2",
                "sha256:5501e772aff595e3c54266bc1bfc5858e8f38974ce413a8f1044aae0f32a83a3",
                "sha256:5e28ea0bc4b084fc93a483877653a033062435317082cdc6388dec3438309faf",
                "sha256:5e956b1fd7f3448dd5e00f273072e73e50dfafcb35e4227e6d5af208075593c9",
                "sha256:5fcf379b875c610b5a41bc8a891841533f98de0520287d7f85e25386cd10d3e9",
                "sha256:6159e767d224d8f18deff634a1d3722e68d27488c357f62ebeb5f3e2f5288b1f",
                "sha256:661d5df403cd3c5b8699ac480fa7f58047a3253b029db690efa0c3cf209993ef",
                "sha256:711eebc77f2092c6a8b304bad0b81a6ce3cf5490b25574e7309fbc07d881e3af",
                "sha256:80a3c00b35f6170be5454b45abe2719ea65919a2f09e8a6e7b1362312a872cd3",
                "sha256:848b6fa92d7c8143646e64124ed46818a0049a24ecc517958c520081fd147685",
                "sha256:91b6c30689cfd87c8f264acb2fc16ad6b3c72caba2aec1bf189314cf1a84ca33",
                "sha256:9733a9a0f94ef53d7aa64661811b20875b5bc6039034c6e42fb9732170130573",
                "sha256:9940d5bc441f887c5f375ec62bcf7e7e495a2d5b1da97de1184a88fb567f06af",
                "sha256:9e3e48f3dea21c147e1b10c132016cb79af1159facca9736d231694ef5a740a8",
                "sha256:a14c9decf0eb61e0892631271d500c1e306c7b6901c998c7035e194d9150fdd1",
                "sha256:a735f82d2e3ed47ca01a20dfc4c779b966b16352650a8036ab3955aad151ed8a",
                "sha256:a99240b1d02dc469f6afbe7da1bf617645e60290c272968f4e53feec18d7dce8",
                "sha256:b7b25db127db3e6b597c5f74af60309c4ad65acd826f89609662f0dc33a54728",
                "sha256:b936d61dbe29572fd2cfe13e30b925e5383bed1aba867692670f5a2a2eb7b4e9",
                "sha256:bec001798ab62c3fc5447162bf48496ae9fba02edc295a9e10a0b0c639a6452e",
                "sha256:cc8a318162123eddbdf22fcc7b751288ce52e4ad096d3766ff1799244352449d",
                "sha256:d0a45b5af9f72c805ee668d1479480ca85169312211bed6ed18c343e39307d5f",
                "sha256:e53c291debef523b09e1fe3dffe5f35dde164f1c603d77f770b88a1da34b7ed6",
                "sha256:ec1ef1fdb6f014d5886b97e52b16d0f852364f447d2ab0f0c6027765777b6667",
                "sha256:ec59fe53db7d32abb96c6d4efeed84aab4a7c38c62d7a901a9b20c09dd936e7a",
                "sha256:f245d039f72e6f802902375755846f5de1ee1e14c3e8736c078565599bcab621",
                "sha256:ff115ef91c0eeac69cd92daeba36a9d8e14daee445b504eeea2b1c0b55821984"
            ],
            "version": "==7.1.0"
        }
    },
    "develop": {}
}
