{
    "_meta": {
        "hash": {
            "sha256": "c10f3f95961f04b2019034d0fd41079de0833cd3f52a11f72893f8c87d48a629"
        },
        "pipfile-spec": 6,
        "requires": {
            "python_version": "3.9"
        },
        "sources": [
            {
                "name": "pypi",
                "url": "https://pypi.org/simple",
                "verify_ssl": true
            }
        ]
    },
    "default": {
        "async-timeout": {
            "hashes": [
                "sha256:4640d96be84d82d02ed59ea2b7105a0f7b33abe8703703cd0ab0bf87c427522f",
                "sha256:7405140ff1230c310e51dc27b3145b9092d659ce68ff733fb0cefe3ee42be028"
            ],
            "markers": "python_full_version < '3.11.3'",
            "version": "==4.0.3"
        },
        "hupper": {
            "hashes": [
                "sha256:06bf54170ff4ecf4c84ad5f188dee3901173ab449c2608ad05b9bfd6b13e32eb",
                "sha256:e872b959f09d90be5fb615bd2e62de89a0b57efc037bdf9637fb09cdf8552b19"
            ],
            "version": "==1.12.1"
        },
        "pastedeploy": {
            "hashes": [
                "sha256:76388ad53a661448d436df28c798063108f70e994ddc749540d733cdbd1b38cf",
                "sha256:9ddbaf152f8095438a9fe81f82c78a6714b92ae8e066bed418b6a7ff6a095a95"
            ],
            "version": "==3.1.0"
        },
        "plaster": {
            "hashes": [
                "sha256:42992ab1f4865f1278e2ad740e8ad145683bb4022e03534265528f0c23c0df2d",
                "sha256:f8befc54bf8c1147c10ab40297ec84c2676fa2d4ea5d6f524d9436a80074ef98"
            ],
            "version": "==1.1.2"
        },
        "plaster-pastedeploy": {
            "hashes": [
                "sha256:ad3550cc744648969ed3b810f33c9344f515ee8d8a8cec18e8f2c4a643c2181f",
                "sha256:be262e6d2e41a7264875daa2fe2850cbb0615728bcdc92828fdc72736e381412"
            ],
            "version": "==1.0.1"
        },
        "platformshconfig": {
            "hashes": [
                "sha256:3eb95a514de57ce3341690fd3e0a61e6fa8c858a0793810a29fcce40691254a2",
                "sha256:ff1e29719d2789f6d164e1abd42dbecec1c535e5e741161ba177cec34bfdd6de"
            ],
            "index": "pypi",
            "version": "==2.4.0"
        },
        "pymysql": {
            "hashes": [
                "sha256:4de15da4c61dc132f4fb9ab763063e693d521a80fd0e87943b9a453dd4c19d6c",
                "sha256:e127611aaf2b417403c60bf4dc570124aeb4a57f5f37b8e95ae399a42f904cd0"
            ],
            "index": "pypi",
            "version": "==1.1.1"
        },
        "pyramid": {
            "hashes": [
                "sha256:2e6585ac55c147f0a51bc00dadf72075b3bdd9a871b332ff9e5e04117ccd76fa",
                "sha256:372138a738e4216535cc76dcce6eddd5a1aaca95130f2354fb834264c06f18de"
            ],
            "index": "pypi",
            "version": "==2.0.2"
        },
        "redis": {
            "hashes": [
                "sha256:f6c997521fedbae53387307c5d0bf784d9acc28d9f1d058abeac566ec4dbed72",
                "sha256:f8ea06b7482a668c6475ae202ed8d9bcaa409f6e87fb77ed1043d912afd62e24"
            ],
            "index": "pypi",
            "version": "==5.1.1"
        },
        "translationstring": {
            "hashes": [
                "sha256:5f4dc4d939573db851c8d840551e1a0fb27b946afe3b95aafc22577eed2d6262",
                "sha256:bf947538d76e69ba12ab17283b10355a9ecfbc078e6123443f43f2107f6376f3"
            ],
            "version": "==1.4"
        },
        "venusian": {
            "hashes": [
                "sha256:d1fb1e49927f42573f6c9b7c4fcf61c892af8fdcaa2314daa01d9a560b23488d",
                "sha256:eb72cdca6f3139a15dc80f9c95d3c10f8a54a0ba881eeef8e2ec5b42d3ee3a95"
            ],
            "version": "==3.1.0"
        },
        "webob": {
            "hashes": [
                "sha256:2abc1555e118fc251e705fc6dc66c7f5353bb9fbfab6d20e22f1c02b4b71bcee",
                "sha256:b60ba63f05c0cf61e086a10c3781a41fcfe30027753a8ae6d819c77592ce83ea"
            ],
            "version": "==1.8.8"
        },
        "zope.deprecation": {
            "hashes": [
                "sha256:28c2ee983812efb4676d33c7a8c6ade0df191c1c6d652bbbfe6e2eeee067b2d4",
                "sha256:b7c32d3392036b2145c40b3103e7322db68662ab09b7267afe1532a9d93f640f"
            ],
            "version": "==5.0"
        },
        "zope.interface": {
            "hashes": [
                "sha256:01e6e58078ad2799130c14a1d34ec89044ada0e1495329d72ee0407b9ae5100d",
                "sha256:064ade95cb54c840647205987c7b557f75d2b2f7d1a84bfab4cf81822ef6e7d1",
                "sha256:11fa1382c3efb34abf16becff8cb214b0b2e3144057c90611621f2d186b7e1b7",
                "sha256:1bee1b722077d08721005e8da493ef3adf0b7908e0cd85cc7dc836ac117d6f32",
                "sha256:1eeeb92cb7d95c45e726e3c1afe7707919370addae7ed14f614e22217a536958",
                "sha256:21a207c6b2c58def5011768140861a73f5240f4f39800625072ba84e76c9da0b",
                "sha256:2545d6d7aac425d528cd9bf0d9e55fcd47ab7fd15f41a64b1c4bf4c6b24946dc",
                "sha256:2c4316a30e216f51acbd9fb318aa5af2e362b716596d82cbb92f9101c8f8d2e7",
                "sha256:35062d93bc49bd9b191331c897a96155ffdad10744ab812485b6bad5b588d7e4",
                "sha256:382d31d1e68877061daaa6499468e9eb38eb7625d4369b1615ac08d3860fe896",
                "sha256:3aa8fcbb0d3c2be1bfd013a0f0acd636f6ed570c287743ae2bbd467ee967154d",
                "sha256:3d4b91821305c8d8f6e6207639abcbdaf186db682e521af7855d0bea3047c8ca",
                "sha256:3de1d553ce72868b77a7e9d598c9bff6d3816ad2b4cc81c04f9d8914603814f3",
                "sha256:3fcdc76d0cde1c09c37b7c6b0f8beba2d857d8417b055d4f47df9c34ec518bdd",
                "sha256:5112c530fa8aa2108a3196b9c2f078f5738c1c37cfc716970edc0df0414acda8",
                "sha256:53d678bb1c3b784edbfb0adeebfeea6bf479f54da082854406a8f295d36f8386",
                "sha256:6195c3c03fef9f87c0dbee0b3b6451df6e056322463cf35bca9a088e564a3c58",
                "sha256:6d04b11ea47c9c369d66340dbe51e9031df2a0de97d68f442305ed7625ad6493",
                "sha256:6dd647fcd765030638577fe6984284e0ebba1a1008244c8a38824be096e37fe3",
                "sha256:799ef7a444aebbad5a145c3b34bff012b54453cddbde3332d47ca07225792ea4",
                "sha256:7d92920416f31786bc1b2f34cc4fc4263a35a407425319572cbf96b51e835cd3",
                "sha256:7e0c151a6c204f3830237c59ee4770cc346868a7a1af6925e5e38650141a7f05",
                "sha256:84f8794bd59ca7d09d8fce43ae1b571be22f52748169d01a13d3ece8394d8b5b",
                "sha256:95e5913ec718010dc0e7c215d79a9683b4990e7026828eedfda5268e74e73e11",
                "sha256:9b9369671a20b8d039b8e5a1a33abd12e089e319a3383b4cc0bf5c67bd05fe7b",
                "sha256:ab985c566a99cc5f73bc2741d93f1ed24a2cc9da3890144d37b9582965aff996",
                "sha256:af94e429f9d57b36e71ef4e6865182090648aada0cb2d397ae2b3f7fc478493a",
                "sha256:c96b3e6b0d4f6ddfec4e947130ec30bd2c7b19db6aa633777e46c8eecf1d6afd",
                "sha256:cd2690d4b08ec9eaf47a85914fe513062b20da78d10d6d789a792c0b20307fb1",
                "sha256:d3b7ce6d46fb0e60897d62d1ff370790ce50a57d40a651db91a3dde74f73b738",
                "sha256:d976fa7b5faf5396eb18ce6c132c98e05504b52b60784e3401f4ef0b2e66709b",
                "sha256:db6237e8fa91ea4f34d7e2d16d74741187e9105a63bbb5686c61fea04cdbacca",
                "sha256:ecd32f30f40bfd8511b17666895831a51b532e93fc106bfa97f366589d3e4e0e",
                "sha256:f418c88f09c3ba159b95a9d1cfcdbe58f208443abb1f3109f4b9b12fd60b187c"
            ],
            "version": "==7.0.3"
        }
    },
    "develop": {}
}
